// !$*UTF8*$!
{
	archiveVersion = 1;
	classes = {
	};
	objectVersion = 46;
	objects = {

/* Begin PBXBuildFile section */
		3C14CAD51CA4C171006E9BF5 /* CameraToolbar.m in Sources */ = {isa = PBXBuildFile; fileRef = 3C14CAD41CA4C171006E9BF5 /* CameraToolbar.m */; };
		3C14CAE21CA4C19E006E9BF5 /* camera.png in Resources */ = {isa = PBXBuildFile; fileRef = 3C14CAD61CA4C19E006E9BF5 /* camera.png */; };
		3C14CAE31CA4C19E006E9BF5 /* camera@2x.png in Resources */ = {isa = PBXBuildFile; fileRef = 3C14CAD71CA4C19E006E9BF5 /* camera@2x.png */; };
		3C14CAE41CA4C19E006E9BF5 /* camera@3x.png in Resources */ = {isa = PBXBuildFile; fileRef = 3C14CAD81CA4C19E006E9BF5 /* camera@3x.png */; };
		3C14CAE51CA4C19E006E9BF5 /* road.png in Resources */ = {isa = PBXBuildFile; fileRef = 3C14CAD91CA4C19E006E9BF5 /* road.png */; };
		3C14CAE61CA4C19E006E9BF5 /* road@2x.png in Resources */ = {isa = PBXBuildFile; fileRef = 3C14CADA1CA4C19E006E9BF5 /* road@2x.png */; };
		3C14CAE71CA4C19E006E9BF5 /* road@3x.png in Resources */ = {isa = PBXBuildFile; fileRef = 3C14CADB1CA4C19E006E9BF5 /* road@3x.png */; };
		3C14CAE81CA4C19E006E9BF5 /* rotate.png in Resources */ = {isa = PBXBuildFile; fileRef = 3C14CADC1CA4C19E006E9BF5 /* rotate.png */; };
		3C14CAE91CA4C19E006E9BF5 /* rotate@2x.png in Resources */ = {isa = PBXBuildFile; fileRef = 3C14CADD1CA4C19E006E9BF5 /* rotate@2x.png */; };
		3C14CAEA1CA4C19E006E9BF5 /* rotate@3x.png in Resources */ = {isa = PBXBuildFile; fileRef = 3C14CADE1CA4C19E006E9BF5 /* rotate@3x.png */; };
		3C14CAEB1CA4C19E006E9BF5 /* x.png in Resources */ = {isa = PBXBuildFile; fileRef = 3C14CADF1CA4C19E006E9BF5 /* x.png */; };
		3C14CAEC1CA4C19E006E9BF5 /* x@2x.png in Resources */ = {isa = PBXBuildFile; fileRef = 3C14CAE01CA4C19E006E9BF5 /* x@2x.png */; };
		3C14CAED1CA4C19E006E9BF5 /* x@3x.png in Resources */ = {isa = PBXBuildFile; fileRef = 3C14CAE11CA4C19E006E9BF5 /* x@3x.png */; };
		3C14CAF01CA4C2E6006E9BF5 /* CameraViewController.m in Sources */ = {isa = PBXBuildFile; fileRef = 3C14CAEF1CA4C2E6006E9BF5 /* CameraViewController.m */; };
		3C14CAF31CA4C8B5006E9BF5 /* UIImage+ImageUtilities.m in Sources */ = {isa = PBXBuildFile; fileRef = 3C14CAF21CA4C8B5006E9BF5 /* UIImage+ImageUtilities.m */; };
		3C14CAF61CA4CACF006E9BF5 /* CropBox.m in Sources */ = {isa = PBXBuildFile; fileRef = 3C14CAF51CA4CACF006E9BF5 /* CropBox.m */; };
		3C14CAF91CA4CD9D006E9BF5 /* CropImageViewController.m in Sources */ = {isa = PBXBuildFile; fileRef = 3C14CAF81CA4CD9D006E9BF5 /* CropImageViewController.m */; };
		3C14CAFC1CA4CF7B006E9BF5 /* ImageLibraryViewController.m in Sources */ = {isa = PBXBuildFile; fileRef = 3C14CAFB1CA4CF7B006E9BF5 /* ImageLibraryViewController.m */; };
		3C1805EB1C87AC96004B035D /* MediaTableViewCell.m in Sources */ = {isa = PBXBuildFile; fileRef = 3C6233511C6AD4BD00E47C00 /* MediaTableViewCell.m */; };
		3C1805EE1C8B746D004B035D /* LoginViewController.m in Sources */ = {isa = PBXBuildFile; fileRef = 3C1805ED1C8B746D004B035D /* LoginViewController.m */; };
		3C62333E1C67E2CD00E47C00 /* User.m in Sources */ = {isa = PBXBuildFile; fileRef = 3C62333D1C67E2CD00E47C00 /* User.m */; };
		3C6233411C67E30B00E47C00 /* Media.m in Sources */ = {isa = PBXBuildFile; fileRef = 3C6233401C67E30B00E47C00 /* Media.m */; };
		3C6233441C67E35F00E47C00 /* Comment.m in Sources */ = {isa = PBXBuildFile; fileRef = 3C6233431C67E35F00E47C00 /* Comment.m */; };
		3C6233471C67E3BC00E47C00 /* DataSource.m in Sources */ = {isa = PBXBuildFile; fileRef = 3C6233461C67E3BC00E47C00 /* DataSource.m */; };
		3C6233491C682E7600E47C00 /* main.m in Sources */ = {isa = PBXBuildFile; fileRef = 3C6233481C682E7600E47C00 /* main.m */; };
		3C6233521C6AD4BD00E47C00 /* MediaTableViewCell.m in Sources */ = {isa = PBXBuildFile; fileRef = 3C6233511C6AD4BD00E47C00 /* MediaTableViewCell.m */; };
		3C7A9BAF1C659D9000987482 /* AppDelegate.m in Sources */ = {isa = PBXBuildFile; fileRef = 3C7A9BAE1C659D9000987482 /* AppDelegate.m */; };
		3C7A9BB71C659D9000987482 /* Assets.xcassets in Resources */ = {isa = PBXBuildFile; fileRef = 3C7A9BB61C659D9000987482 /* Assets.xcassets */; };
		3C7A9BBA1C659D9000987482 /* LaunchScreen.storyboard in Resources */ = {isa = PBXBuildFile; fileRef = 3C7A9BB81C659D9000987482 /* LaunchScreen.storyboard */; };
		3C7A9BC51C659D9000987482 /* BlocstagramTests.m in Sources */ = {isa = PBXBuildFile; fileRef = 3C7A9BC41C659D9000987482 /* BlocstagramTests.m */; };
		3C7A9BD01C659D9000987482 /* BlocstagramUITests.m in Sources */ = {isa = PBXBuildFile; fileRef = 3C7A9BCF1C659D9000987482 /* BlocstagramUITests.m */; };
		3C7A9BE81C659F6200987482 /* 1.jpg in Resources */ = {isa = PBXBuildFile; fileRef = 3C7A9BDE1C659F6200987482 /* 1.jpg */; };
		3C7A9BE91C659F6200987482 /* 2.jpg in Resources */ = {isa = PBXBuildFile; fileRef = 3C7A9BDF1C659F6200987482 /* 2.jpg */; };
		3C7A9BEA1C659F6200987482 /* 3.jpg in Resources */ = {isa = PBXBuildFile; fileRef = 3C7A9BE01C659F6200987482 /* 3.jpg */; };
		3C7A9BEB1C659F6200987482 /* 4.jpg in Resources */ = {isa = PBXBuildFile; fileRef = 3C7A9BE11C659F6200987482 /* 4.jpg */; };
		3C7A9BEC1C659F6200987482 /* 5.jpg in Resources */ = {isa = PBXBuildFile; fileRef = 3C7A9BE21C659F6200987482 /* 5.jpg */; };
		3C7A9BED1C659F6200987482 /* 6.jpg in Resources */ = {isa = PBXBuildFile; fileRef = 3C7A9BE31C659F6200987482 /* 6.jpg */; };
		3C7A9BEE1C659F6200987482 /* 7.jpg in Resources */ = {isa = PBXBuildFile; fileRef = 3C7A9BE41C659F6200987482 /* 7.jpg */; };
		3C7A9BEF1C659F6200987482 /* 8.jpg in Resources */ = {isa = PBXBuildFile; fileRef = 3C7A9BE51C659F6200987482 /* 8.jpg */; };
		3C7A9BF01C659F6200987482 /* 9.jpg in Resources */ = {isa = PBXBuildFile; fileRef = 3C7A9BE61C659F6200987482 /* 9.jpg */; };
		3C7A9BF11C659F6200987482 /* 10.jpg in Resources */ = {isa = PBXBuildFile; fileRef = 3C7A9BE71C659F6200987482 /* 10.jpg */; };
		3C7A9BF41C65A02A00987482 /* ImagesTableViewController.m in Sources */ = {isa = PBXBuildFile; fileRef = 3C7A9BF31C65A02A00987482 /* ImagesTableViewController.m */; };
		3C9DFDAA1C924BFD00754224 /* MediaFullScreenViewController.m in Sources */ = {isa = PBXBuildFile; fileRef = 3C9DFDA91C924BFD00754224 /* MediaFullScreenViewController.m */; };
		3CD838F51C979D41003A553D /* angle-mask.png in Resources */ = {isa = PBXBuildFile; fileRef = 3CD838EC1C979D41003A553D /* angle-mask.png */; };
		3CD838F61C979D41003A553D /* angle-mask@2x.png in Resources */ = {isa = PBXBuildFile; fileRef = 3CD838ED1C979D41003A553D /* angle-mask@2x.png */; };
		3CD838F71C979D41003A553D /* angle-mask@3x.png in Resources */ = {isa = PBXBuildFile; fileRef = 3CD838EE1C979D41003A553D /* angle-mask@3x.png */; };
		3CD838F81C979D41003A553D /* heart-empty.png in Resources */ = {isa = PBXBuildFile; fileRef = 3CD838EF1C979D41003A553D /* heart-empty.png */; };
		3CD838F91C979D41003A553D /* heart-empty@2x.png in Resources */ = {isa = PBXBuildFile; fileRef = 3CD838F01C979D41003A553D /* heart-empty@2x.png */; };
		3CD838FA1C979D41003A553D /* heart-empty@3x.png in Resources */ = {isa = PBXBuildFile; fileRef = 3CD838F11C979D41003A553D /* heart-empty@3x.png */; };
		3CD838FB1C979D41003A553D /* heart-full.png in Resources */ = {isa = PBXBuildFile; fileRef = 3CD838F21C979D41003A553D /* heart-full.png */; };
		3CD838FC1C979D41003A553D /* heart-full@2x.png in Resources */ = {isa = PBXBuildFile; fileRef = 3CD838F31C979D41003A553D /* heart-full@2x.png */; };
		3CD838FD1C979D41003A553D /* heart-full@3x.png in Resources */ = {isa = PBXBuildFile; fileRef = 3CD838F41C979D41003A553D /* heart-full@3x.png */; };
		3CD839001C98E2E4003A553D /* CircleSpinnerView.m in Sources */ = {isa = PBXBuildFile; fileRef = 3CD838FF1C98E2E4003A553D /* CircleSpinnerView.m */; };
		3CD839031C98E3D1003A553D /* LikeButton.m in Sources */ = {isa = PBXBuildFile; fileRef = 3CD839021C98E3D1003A553D /* LikeButton.m */; };
		3CED56111C9F8A620018A9F5 /* ComposeCommentView.m in Sources */ = {isa = PBXBuildFile; fileRef = 3CED56101C9F8A620018A9F5 /* ComposeCommentView.m */; };
		4B70C0C6ACDB713128F9EF5A /* libPods.a in Frameworks */ = {isa = PBXBuildFile; fileRef = B7A71E6BFC2697E9036A1A63 /* libPods.a */; };
/* End PBXBuildFile section */

/* Begin PBXContainerItemProxy section */
		3C7A9BC11C659D9000987482 /* PBXContainerItemProxy */ = {
			isa = PBXContainerItemProxy;
			containerPortal = 3C7A9B9F1C659D9000987482 /* Project object */;
			proxyType = 1;
			remoteGlobalIDString = 3C7A9BA61C659D9000987482;
			remoteInfo = Blocstagram;
		};
		3C7A9BCC1C659D9000987482 /* PBXContainerItemProxy */ = {
			isa = PBXContainerItemProxy;
			containerPortal = 3C7A9B9F1C659D9000987482 /* Project object */;
			proxyType = 1;
			remoteGlobalIDString = 3C7A9BA61C659D9000987482;
			remoteInfo = Blocstagram;
		};
/* End PBXContainerItemProxy section */

/* Begin PBXFileReference section */
		3C14CAD31CA4C171006E9BF5 /* CameraToolbar.h */ = {isa = PBXFileReference; fileEncoding = 4; lastKnownFileType = sourcecode.c.h; path = CameraToolbar.h; sourceTree = "<group>"; };
		3C14CAD41CA4C171006E9BF5 /* CameraToolbar.m */ = {isa = PBXFileReference; fileEncoding = 4; lastKnownFileType = sourcecode.c.objc; path = CameraToolbar.m; sourceTree = "<group>"; };
		3C14CAD61CA4C19E006E9BF5 /* camera.png */ = {isa = PBXFileReference; lastKnownFileType = image.png; path = camera.png; sourceTree = "<group>"; };
		3C14CAD71CA4C19E006E9BF5 /* camera@2x.png */ = {isa = PBXFileReference; lastKnownFileType = image.png; path = "camera@2x.png"; sourceTree = "<group>"; };
		3C14CAD81CA4C19E006E9BF5 /* camera@3x.png */ = {isa = PBXFileReference; lastKnownFileType = image.png; path = "camera@3x.png"; sourceTree = "<group>"; };
		3C14CAD91CA4C19E006E9BF5 /* road.png */ = {isa = PBXFileReference; lastKnownFileType = image.png; path = road.png; sourceTree = "<group>"; };
		3C14CADA1CA4C19E006E9BF5 /* road@2x.png */ = {isa = PBXFileReference; lastKnownFileType = image.png; path = "road@2x.png"; sourceTree = "<group>"; };
		3C14CADB1CA4C19E006E9BF5 /* road@3x.png */ = {isa = PBXFileReference; lastKnownFileType = image.png; path = "road@3x.png"; sourceTree = "<group>"; };
		3C14CADC1CA4C19E006E9BF5 /* rotate.png */ = {isa = PBXFileReference; lastKnownFileType = image.png; path = rotate.png; sourceTree = "<group>"; };
		3C14CADD1CA4C19E006E9BF5 /* rotate@2x.png */ = {isa = PBXFileReference; lastKnownFileType = image.png; path = "rotate@2x.png"; sourceTree = "<group>"; };
		3C14CADE1CA4C19E006E9BF5 /* rotate@3x.png */ = {isa = PBXFileReference; lastKnownFileType = image.png; path = "rotate@3x.png"; sourceTree = "<group>"; };
		3C14CADF1CA4C19E006E9BF5 /* x.png */ = {isa = PBXFileReference; lastKnownFileType = image.png; path = x.png; sourceTree = "<group>"; };
		3C14CAE01CA4C19E006E9BF5 /* x@2x.png */ = {isa = PBXFileReference; lastKnownFileType = image.png; path = "x@2x.png"; sourceTree = "<group>"; };
		3C14CAE11CA4C19E006E9BF5 /* x@3x.png */ = {isa = PBXFileReference; lastKnownFileType = image.png; path = "x@3x.png"; sourceTree = "<group>"; };
		3C14CAEE1CA4C2E6006E9BF5 /* CameraViewController.h */ = {isa = PBXFileReference; fileEncoding = 4; lastKnownFileType = sourcecode.c.h; path = CameraViewController.h; sourceTree = "<group>"; };
		3C14CAEF1CA4C2E6006E9BF5 /* CameraViewController.m */ = {isa = PBXFileReference; fileEncoding = 4; lastKnownFileType = sourcecode.c.objc; path = CameraViewController.m; sourceTree = "<group>"; };
		3C14CAF11CA4C8B5006E9BF5 /* UIImage+ImageUtilities.h */ = {isa = PBXFileReference; fileEncoding = 4; lastKnownFileType = sourcecode.c.h; path = "UIImage+ImageUtilities.h"; sourceTree = "<group>"; };
		3C14CAF21CA4C8B5006E9BF5 /* UIImage+ImageUtilities.m */ = {isa = PBXFileReference; fileEncoding = 4; lastKnownFileType = sourcecode.c.objc; path = "UIImage+ImageUtilities.m"; sourceTree = "<group>"; };
		3C14CAF41CA4CACF006E9BF5 /* CropBox.h */ = {isa = PBXFileReference; fileEncoding = 4; lastKnownFileType = sourcecode.c.h; name = CropBox.h; path = ../CropBox.h; sourceTree = "<group>"; };
		3C14CAF51CA4CACF006E9BF5 /* CropBox.m */ = {isa = PBXFileReference; fileEncoding = 4; lastKnownFileType = sourcecode.c.objc; name = CropBox.m; path = ../CropBox.m; sourceTree = "<group>"; };
		3C14CAF71CA4CD9D006E9BF5 /* CropImageViewController.h */ = {isa = PBXFileReference; fileEncoding = 4; lastKnownFileType = sourcecode.c.h; path = CropImageViewController.h; sourceTree = "<group>"; };
		3C14CAF81CA4CD9D006E9BF5 /* CropImageViewController.m */ = {isa = PBXFileReference; fileEncoding = 4; lastKnownFileType = sourcecode.c.objc; path = CropImageViewController.m; sourceTree = "<group>"; };
		3C14CAFA1CA4CF7B006E9BF5 /* ImageLibraryViewController.h */ = {isa = PBXFileReference; fileEncoding = 4; lastKnownFileType = sourcecode.c.h; path = ImageLibraryViewController.h; sourceTree = "<group>"; };
		3C14CAFB1CA4CF7B006E9BF5 /* ImageLibraryViewController.m */ = {isa = PBXFileReference; fileEncoding = 4; lastKnownFileType = sourcecode.c.objc; path = ImageLibraryViewController.m; sourceTree = "<group>"; };
		3C1805EC1C8B746D004B035D /* LoginViewController.h */ = {isa = PBXFileReference; fileEncoding = 4; lastKnownFileType = sourcecode.c.h; path = LoginViewController.h; sourceTree = "<group>"; };
		3C1805ED1C8B746D004B035D /* LoginViewController.m */ = {isa = PBXFileReference; fileEncoding = 4; lastKnownFileType = sourcecode.c.objc; path = LoginViewController.m; sourceTree = "<group>"; };
		3C62333C1C67E2CD00E47C00 /* User.h */ = {isa = PBXFileReference; fileEncoding = 4; lastKnownFileType = sourcecode.c.h; path = User.h; sourceTree = "<group>"; };
		3C62333D1C67E2CD00E47C00 /* User.m */ = {isa = PBXFileReference; fileEncoding = 4; lastKnownFileType = sourcecode.c.objc; path = User.m; sourceTree = "<group>"; };
		3C62333F1C67E30B00E47C00 /* Media.h */ = {isa = PBXFileReference; fileEncoding = 4; lastKnownFileType = sourcecode.c.h; path = Media.h; sourceTree = "<group>"; };
		3C6233401C67E30B00E47C00 /* Media.m */ = {isa = PBXFileReference; fileEncoding = 4; lastKnownFileType = sourcecode.c.objc; path = Media.m; sourceTree = "<group>"; };
		3C6233421C67E35F00E47C00 /* Comment.h */ = {isa = PBXFileReference; fileEncoding = 4; lastKnownFileType = sourcecode.c.h; path = Comment.h; sourceTree = "<group>"; };
		3C6233431C67E35F00E47C00 /* Comment.m */ = {isa = PBXFileReference; fileEncoding = 4; lastKnownFileType = sourcecode.c.objc; path = Comment.m; sourceTree = "<group>"; };
		3C6233451C67E3BC00E47C00 /* DataSource.h */ = {isa = PBXFileReference; fileEncoding = 4; lastKnownFileType = sourcecode.c.h; path = DataSource.h; sourceTree = "<group>"; };
		3C6233461C67E3BC00E47C00 /* DataSource.m */ = {isa = PBXFileReference; fileEncoding = 4; lastKnownFileType = sourcecode.c.objc; path = DataSource.m; sourceTree = "<group>"; };
		3C6233481C682E7600E47C00 /* main.m */ = {isa = PBXFileReference; fileEncoding = 4; lastKnownFileType = sourcecode.c.objc; path = main.m; sourceTree = "<group>"; };
		3C6233501C6AD4BD00E47C00 /* MediaTableViewCell.h */ = {isa = PBXFileReference; fileEncoding = 4; lastKnownFileType = sourcecode.c.h; path = MediaTableViewCell.h; sourceTree = "<group>"; };
		3C6233511C6AD4BD00E47C00 /* MediaTableViewCell.m */ = {isa = PBXFileReference; fileEncoding = 4; lastKnownFileType = sourcecode.c.objc; path = MediaTableViewCell.m; sourceTree = "<group>"; };
		3C7A9BA71C659D9000987482 /* Blocstagram.app */ = {isa = PBXFileReference; explicitFileType = wrapper.application; includeInIndex = 0; path = Blocstagram.app; sourceTree = BUILT_PRODUCTS_DIR; };
		3C7A9BAD1C659D9000987482 /* AppDelegate.h */ = {isa = PBXFileReference; lastKnownFileType = sourcecode.c.h; path = AppDelegate.h; sourceTree = "<group>"; };
		3C7A9BAE1C659D9000987482 /* AppDelegate.m */ = {isa = PBXFileReference; lastKnownFileType = sourcecode.c.objc; path = AppDelegate.m; sourceTree = "<group>"; };
		3C7A9BB61C659D9000987482 /* Assets.xcassets */ = {isa = PBXFileReference; lastKnownFileType = folder.assetcatalog; path = Assets.xcassets; sourceTree = "<group>"; };
		3C7A9BB91C659D9000987482 /* Base */ = {isa = PBXFileReference; lastKnownFileType = file.storyboard; name = Base; path = Base.lproj/LaunchScreen.storyboard; sourceTree = "<group>"; };
		3C7A9BBB1C659D9000987482 /* Info.plist */ = {isa = PBXFileReference; lastKnownFileType = text.plist.xml; path = Info.plist; sourceTree = "<group>"; };
		3C7A9BC01C659D9000987482 /* BlocstagramTests.xctest */ = {isa = PBXFileReference; explicitFileType = wrapper.cfbundle; includeInIndex = 0; path = BlocstagramTests.xctest; sourceTree = BUILT_PRODUCTS_DIR; };
		3C7A9BC41C659D9000987482 /* BlocstagramTests.m */ = {isa = PBXFileReference; lastKnownFileType = sourcecode.c.objc; path = BlocstagramTests.m; sourceTree = "<group>"; };
		3C7A9BC61C659D9000987482 /* Info.plist */ = {isa = PBXFileReference; lastKnownFileType = text.plist.xml; path = Info.plist; sourceTree = "<group>"; };
		3C7A9BCB1C659D9000987482 /* BlocstagramUITests.xctest */ = {isa = PBXFileReference; explicitFileType = wrapper.cfbundle; includeInIndex = 0; path = BlocstagramUITests.xctest; sourceTree = BUILT_PRODUCTS_DIR; };
		3C7A9BCF1C659D9000987482 /* BlocstagramUITests.m */ = {isa = PBXFileReference; lastKnownFileType = sourcecode.c.objc; path = BlocstagramUITests.m; sourceTree = "<group>"; };
		3C7A9BD11C659D9000987482 /* Info.plist */ = {isa = PBXFileReference; lastKnownFileType = text.plist.xml; path = Info.plist; sourceTree = "<group>"; };
		3C7A9BDE1C659F6200987482 /* 1.jpg */ = {isa = PBXFileReference; lastKnownFileType = image.jpeg; path = 1.jpg; sourceTree = "<group>"; };
		3C7A9BDF1C659F6200987482 /* 2.jpg */ = {isa = PBXFileReference; lastKnownFileType = image.jpeg; path = 2.jpg; sourceTree = "<group>"; };
		3C7A9BE01C659F6200987482 /* 3.jpg */ = {isa = PBXFileReference; lastKnownFileType = image.jpeg; path = 3.jpg; sourceTree = "<group>"; };
		3C7A9BE11C659F6200987482 /* 4.jpg */ = {isa = PBXFileReference; lastKnownFileType = image.jpeg; path = 4.jpg; sourceTree = "<group>"; };
		3C7A9BE21C659F6200987482 /* 5.jpg */ = {isa = PBXFileReference; lastKnownFileType = image.jpeg; path = 5.jpg; sourceTree = "<group>"; };
		3C7A9BE31C659F6200987482 /* 6.jpg */ = {isa = PBXFileReference; lastKnownFileType = image.jpeg; path = 6.jpg; sourceTree = "<group>"; };
		3C7A9BE41C659F6200987482 /* 7.jpg */ = {isa = PBXFileReference; lastKnownFileType = image.jpeg; path = 7.jpg; sourceTree = "<group>"; };
		3C7A9BE51C659F6200987482 /* 8.jpg */ = {isa = PBXFileReference; lastKnownFileType = image.jpeg; path = 8.jpg; sourceTree = "<group>"; };
		3C7A9BE61C659F6200987482 /* 9.jpg */ = {isa = PBXFileReference; lastKnownFileType = image.jpeg; path = 9.jpg; sourceTree = "<group>"; };
		3C7A9BE71C659F6200987482 /* 10.jpg */ = {isa = PBXFileReference; lastKnownFileType = image.jpeg; path = 10.jpg; sourceTree = "<group>"; };
		3C7A9BF21C65A02A00987482 /* ImagesTableViewController.h */ = {isa = PBXFileReference; fileEncoding = 4; lastKnownFileType = sourcecode.c.h; path = ImagesTableViewController.h; sourceTree = "<group>"; };
		3C7A9BF31C65A02A00987482 /* ImagesTableViewController.m */ = {isa = PBXFileReference; fileEncoding = 4; lastKnownFileType = sourcecode.c.objc; path = ImagesTableViewController.m; sourceTree = "<group>"; };
		3C9DFDA81C924BFD00754224 /* MediaFullScreenViewController.h */ = {isa = PBXFileReference; fileEncoding = 4; lastKnownFileType = sourcecode.c.h; path = MediaFullScreenViewController.h; sourceTree = "<group>"; };
		3C9DFDA91C924BFD00754224 /* MediaFullScreenViewController.m */ = {isa = PBXFileReference; fileEncoding = 4; lastKnownFileType = sourcecode.c.objc; path = MediaFullScreenViewController.m; sourceTree = "<group>"; };
		3CD838EC1C979D41003A553D /* angle-mask.png */ = {isa = PBXFileReference; lastKnownFileType = image.png; path = "angle-mask.png"; sourceTree = "<group>"; };
		3CD838ED1C979D41003A553D /* angle-mask@2x.png */ = {isa = PBXFileReference; lastKnownFileType = image.png; path = "angle-mask@2x.png"; sourceTree = "<group>"; };
		3CD838EE1C979D41003A553D /* angle-mask@3x.png */ = {isa = PBXFileReference; lastKnownFileType = image.png; path = "angle-mask@3x.png"; sourceTree = "<group>"; };
		3CD838EF1C979D41003A553D /* heart-empty.png */ = {isa = PBXFileReference; lastKnownFileType = image.png; path = "heart-empty.png"; sourceTree = "<group>"; };
		3CD838F01C979D41003A553D /* heart-empty@2x.png */ = {isa = PBXFileReference; lastKnownFileType = image.png; path = "heart-empty@2x.png"; sourceTree = "<group>"; };
		3CD838F11C979D41003A553D /* heart-empty@3x.png */ = {isa = PBXFileReference; lastKnownFileType = image.png; path = "heart-empty@3x.png"; sourceTree = "<group>"; };
		3CD838F21C979D41003A553D /* heart-full.png */ = {isa = PBXFileReference; lastKnownFileType = image.png; path = "heart-full.png"; sourceTree = "<group>"; };
		3CD838F31C979D41003A553D /* heart-full@2x.png */ = {isa = PBXFileReference; lastKnownFileType = image.png; path = "heart-full@2x.png"; sourceTree = "<group>"; };
		3CD838F41C979D41003A553D /* heart-full@3x.png */ = {isa = PBXFileReference; lastKnownFileType = image.png; path = "heart-full@3x.png"; sourceTree = "<group>"; };
		3CD838FE1C98E2E4003A553D /* CircleSpinnerView.h */ = {isa = PBXFileReference; fileEncoding = 4; lastKnownFileType = sourcecode.c.h; path = CircleSpinnerView.h; sourceTree = "<group>"; };
		3CD838FF1C98E2E4003A553D /* CircleSpinnerView.m */ = {isa = PBXFileReference; fileEncoding = 4; lastKnownFileType = sourcecode.c.objc; path = CircleSpinnerView.m; sourceTree = "<group>"; };
		3CD839011C98E3D1003A553D /* LikeButton.h */ = {isa = PBXFileReference; fileEncoding = 4; lastKnownFileType = sourcecode.c.h; path = LikeButton.h; sourceTree = "<group>"; };
		3CD839021C98E3D1003A553D /* LikeButton.m */ = {isa = PBXFileReference; fileEncoding = 4; lastKnownFileType = sourcecode.c.objc; path = LikeButton.m; sourceTree = "<group>"; };
		3CED560F1C9F8A620018A9F5 /* ComposeCommentView.h */ = {isa = PBXFileReference; fileEncoding = 4; lastKnownFileType = sourcecode.c.h; path = ComposeCommentView.h; sourceTree = "<group>"; };
		3CED56101C9F8A620018A9F5 /* ComposeCommentView.m */ = {isa = PBXFileReference; fileEncoding = 4; lastKnownFileType = sourcecode.c.objc; path = ComposeCommentView.m; sourceTree = "<group>"; };
		47D3F28B717867294D96A6B5 /* Pods.release.xcconfig */ = {isa = PBXFileReference; includeInIndex = 1; lastKnownFileType = text.xcconfig; name = Pods.release.xcconfig; path = "Pods/Target Support Files/Pods/Pods.release.xcconfig"; sourceTree = "<group>"; };
		B7A71E6BFC2697E9036A1A63 /* libPods.a */ = {isa = PBXFileReference; explicitFileType = archive.ar; includeInIndex = 0; path = libPods.a; sourceTree = BUILT_PRODUCTS_DIR; };
		F771B4395327A173188B4238 /* Pods.debug.xcconfig */ = {isa = PBXFileReference; includeInIndex = 1; lastKnownFileType = text.xcconfig; name = Pods.debug.xcconfig; path = "Pods/Target Support Files/Pods/Pods.debug.xcconfig"; sourceTree = "<group>"; };
/* End PBXFileReference section */

/* Begin PBXFrameworksBuildPhase section */
		3C7A9BA41C659D9000987482 /* Frameworks */ = {
			isa = PBXFrameworksBuildPhase;
			buildActionMask = 2147483647;
			files = (
				4B70C0C6ACDB713128F9EF5A /* libPods.a in Frameworks */,
			);
			runOnlyForDeploymentPostprocessing = 0;
		};
		3C7A9BBD1C659D9000987482 /* Frameworks */ = {
			isa = PBXFrameworksBuildPhase;
			buildActionMask = 2147483647;
			files = (
			);
			runOnlyForDeploymentPostprocessing = 0;
		};
		3C7A9BC81C659D9000987482 /* Frameworks */ = {
			isa = PBXFrameworksBuildPhase;
			buildActionMask = 2147483647;
			files = (
			);
			runOnlyForDeploymentPostprocessing = 0;
		};
/* End PBXFrameworksBuildPhase section */

/* Begin PBXGroup section */
		19A217BFD0910E8EB290F4A0 /* Frameworks */ = {
			isa = PBXGroup;
			children = (
				B7A71E6BFC2697E9036A1A63 /* libPods.a */,
			);
			name = Frameworks;
			sourceTree = "<group>";
		};
		3C7A9B9E1C659D9000987482 = {
			isa = PBXGroup;
			children = (
				3C7A9BDD1C659E9D00987482 /* Images */,
				3C7A9BA91C659D9000987482 /* Blocstagram */,
				3C7A9BC31C659D9000987482 /* BlocstagramTests */,
				3C7A9BCE1C659D9000987482 /* BlocstagramUITests */,
				3C7A9BA81C659D9000987482 /* Products */,
				7E3AC526379B79D22C7ADD51 /* Pods */,
				19A217BFD0910E8EB290F4A0 /* Frameworks */,
			);
			sourceTree = "<group>";
		};
		3C7A9BA81C659D9000987482 /* Products */ = {
			isa = PBXGroup;
			children = (
				3C7A9BA71C659D9000987482 /* Blocstagram.app */,
				3C7A9BC01C659D9000987482 /* BlocstagramTests.xctest */,
				3C7A9BCB1C659D9000987482 /* BlocstagramUITests.xctest */,
			);
			name = Products;
			sourceTree = "<group>";
		};
		3C7A9BA91C659D9000987482 /* Blocstagram */ = {
			isa = PBXGroup;
			children = (
				3C14CAF41CA4CACF006E9BF5 /* CropBox.h */,
				3C14CAF51CA4CACF006E9BF5 /* CropBox.m */,
				3C14CAF11CA4C8B5006E9BF5 /* UIImage+ImageUtilities.h */,
				3C14CAF21CA4C8B5006E9BF5 /* UIImage+ImageUtilities.m */,
				3C14CAEE1CA4C2E6006E9BF5 /* CameraViewController.h */,
				3C14CAEF1CA4C2E6006E9BF5 /* CameraViewController.m */,
				3C14CAD41CA4C171006E9BF5 /* CameraToolbar.m */,
				3C14CAD31CA4C171006E9BF5 /* CameraToolbar.h */,
				3CD838FE1C98E2E4003A553D /* CircleSpinnerView.h */,
				3CD838FF1C98E2E4003A553D /* CircleSpinnerView.m */,
				3CD839011C98E3D1003A553D /* LikeButton.h */,
				3CD839021C98E3D1003A553D /* LikeButton.m */,
				3C6233501C6AD4BD00E47C00 /* MediaTableViewCell.h */,
				3C6233511C6AD4BD00E47C00 /* MediaTableViewCell.m */,
				3C14CAF71CA4CD9D006E9BF5 /* CropImageViewController.h */,
				3C14CAF81CA4CD9D006E9BF5 /* CropImageViewController.m */,
				3C14CAFA1CA4CF7B006E9BF5 /* ImageLibraryViewController.h */,
				3C14CAFB1CA4CF7B006E9BF5 /* ImageLibraryViewController.m */,
				3C9DFDA81C924BFD00754224 /* MediaFullScreenViewController.h */,
				3C9DFDA91C924BFD00754224 /* MediaFullScreenViewController.m */,
				3C6233451C67E3BC00E47C00 /* DataSource.h */,
				3C6233461C67E3BC00E47C00 /* DataSource.m */,
				3C1805EC1C8B746D004B035D /* LoginViewController.h */,
				3C1805ED1C8B746D004B035D /* LoginViewController.m */,
				3CED560F1C9F8A620018A9F5 /* ComposeCommentView.h */,
				3CED56101C9F8A620018A9F5 /* ComposeCommentView.m */,
				3C6233421C67E35F00E47C00 /* Comment.h */,
				3C6233431C67E35F00E47C00 /* Comment.m */,
				3C62333F1C67E30B00E47C00 /* Media.h */,
				3C6233401C67E30B00E47C00 /* Media.m */,
				3C62333C1C67E2CD00E47C00 /* User.h */,
				3C62333D1C67E2CD00E47C00 /* User.m */,
				3C7A9BAD1C659D9000987482 /* AppDelegate.h */,
				3C7A9BAE1C659D9000987482 /* AppDelegate.m */,
				3C7A9BF21C65A02A00987482 /* ImagesTableViewController.h */,
				3C7A9BF31C65A02A00987482 /* ImagesTableViewController.m */,
				3C7A9BB61C659D9000987482 /* Assets.xcassets */,
				3C7A9BB81C659D9000987482 /* LaunchScreen.storyboard */,
				3C7A9BBB1C659D9000987482 /* Info.plist */,
				3C7A9BAA1C659D9000987482 /* Supporting Files */,
			);
			path = Blocstagram;
			sourceTree = "<group>";
		};
		3C7A9BAA1C659D9000987482 /* Supporting Files */ = {
			isa = PBXGroup;
			children = (
				3C6233481C682E7600E47C00 /* main.m */,
			);
			name = "Supporting Files";
			sourceTree = "<group>";
		};
		3C7A9BC31C659D9000987482 /* BlocstagramTests */ = {
			isa = PBXGroup;
			children = (
				3C7A9BC41C659D9000987482 /* BlocstagramTests.m */,
				3C7A9BC61C659D9000987482 /* Info.plist */,
			);
			path = BlocstagramTests;
			sourceTree = "<group>";
		};
		3C7A9BCE1C659D9000987482 /* BlocstagramUITests */ = {
			isa = PBXGroup;
			children = (
				3C7A9BCF1C659D9000987482 /* BlocstagramUITests.m */,
				3C7A9BD11C659D9000987482 /* Info.plist */,
			);
			path = BlocstagramUITests;
			sourceTree = "<group>";
		};
		3C7A9BDD1C659E9D00987482 /* Images */ = {
			isa = PBXGroup;
			children = (
				3C7A9BDE1C659F6200987482 /* 1.jpg */,
				3C7A9BDF1C659F6200987482 /* 2.jpg */,
				3C7A9BE01C659F6200987482 /* 3.jpg */,
				3C7A9BE11C659F6200987482 /* 4.jpg */,
				3C7A9BE21C659F6200987482 /* 5.jpg */,
				3C7A9BE31C659F6200987482 /* 6.jpg */,
				3C7A9BE41C659F6200987482 /* 7.jpg */,
				3C7A9BE51C659F6200987482 /* 8.jpg */,
				3C7A9BE61C659F6200987482 /* 9.jpg */,
				3C7A9BE71C659F6200987482 /* 10.jpg */,
				3CD838EC1C979D41003A553D /* angle-mask.png */,
				3CD838ED1C979D41003A553D /* angle-mask@2x.png */,
				3CD838EE1C979D41003A553D /* angle-mask@3x.png */,
				3CD838EF1C979D41003A553D /* heart-empty.png */,
				3CD838F01C979D41003A553D /* heart-empty@2x.png */,
				3CD838F11C979D41003A553D /* heart-empty@3x.png */,
				3CD838F21C979D41003A553D /* heart-full.png */,
				3CD838F31C979D41003A553D /* heart-full@2x.png */,
				3CD838F41C979D41003A553D /* heart-full@3x.png */,
				3C14CAD61CA4C19E006E9BF5 /* camera.png */,
				3C14CAD71CA4C19E006E9BF5 /* camera@2x.png */,
				3C14CAD81CA4C19E006E9BF5 /* camera@3x.png */,
				3C14CAD91CA4C19E006E9BF5 /* road.png */,
				3C14CADA1CA4C19E006E9BF5 /* road@2x.png */,
				3C14CADB1CA4C19E006E9BF5 /* road@3x.png */,
				3C14CADC1CA4C19E006E9BF5 /* rotate.png */,
				3C14CADD1CA4C19E006E9BF5 /* rotate@2x.png */,
				3C14CADE1CA4C19E006E9BF5 /* rotate@3x.png */,
				3C14CADF1CA4C19E006E9BF5 /* x.png */,
				3C14CAE01CA4C19E006E9BF5 /* x@2x.png */,
				3C14CAE11CA4C19E006E9BF5 /* x@3x.png */,
			);
			name = Images;
			path = Blocstagram;
			sourceTree = "<group>";
		};
		7E3AC526379B79D22C7ADD51 /* Pods */ = {
			isa = PBXGroup;
			children = (
				F771B4395327A173188B4238 /* Pods.debug.xcconfig */,
				47D3F28B717867294D96A6B5 /* Pods.release.xcconfig */,
			);
			name = Pods;
			sourceTree = "<group>";
		};
/* End PBXGroup section */

/* Begin PBXNativeTarget section */
		3C7A9BA61C659D9000987482 /* Blocstagram */ = {
			isa = PBXNativeTarget;
			buildConfigurationList = 3C7A9BD41C659D9000987482 /* Build configuration list for PBXNativeTarget "Blocstagram" */;
			buildPhases = (
				A6D39E9CE3A549B4C119018D /* Check Pods Manifest.lock */,
				3C7A9BA31C659D9000987482 /* Sources */,
				3C7A9BA41C659D9000987482 /* Frameworks */,
				3C7A9BA51C659D9000987482 /* Resources */,
				06EBB9C17D5B685A1D2B5A06 /* Embed Pods Frameworks */,
				E56709CEA9EFC996E2DB013F /* Copy Pods Resources */,
			);
			buildRules = (
			);
			dependencies = (
			);
			name = Blocstagram;
			productName = Blocstagram;
			productReference = 3C7A9BA71C659D9000987482 /* Blocstagram.app */;
			productType = "com.apple.product-type.application";
		};
		3C7A9BBF1C659D9000987482 /* BlocstagramTests */ = {
			isa = PBXNativeTarget;
			buildConfigurationList = 3C7A9BD71C659D9000987482 /* Build configuration list for PBXNativeTarget "BlocstagramTests" */;
			buildPhases = (
				3C7A9BBC1C659D9000987482 /* Sources */,
				3C7A9BBD1C659D9000987482 /* Frameworks */,
				3C7A9BBE1C659D9000987482 /* Resources */,
			);
			buildRules = (
			);
			dependencies = (
				3C7A9BC21C659D9000987482 /* PBXTargetDependency */,
			);
			name = BlocstagramTests;
			productName = BlocstagramTests;
			productReference = 3C7A9BC01C659D9000987482 /* BlocstagramTests.xctest */;
			productType = "com.apple.product-type.bundle.unit-test";
		};
		3C7A9BCA1C659D9000987482 /* BlocstagramUITests */ = {
			isa = PBXNativeTarget;
			buildConfigurationList = 3C7A9BDA1C659D9000987482 /* Build configuration list for PBXNativeTarget "BlocstagramUITests" */;
			buildPhases = (
				3C7A9BC71C659D9000987482 /* Sources */,
				3C7A9BC81C659D9000987482 /* Frameworks */,
				3C7A9BC91C659D9000987482 /* Resources */,
			);
			buildRules = (
			);
			dependencies = (
				3C7A9BCD1C659D9000987482 /* PBXTargetDependency */,
			);
			name = BlocstagramUITests;
			productName = BlocstagramUITests;
			productReference = 3C7A9BCB1C659D9000987482 /* BlocstagramUITests.xctest */;
			productType = "com.apple.product-type.bundle.ui-testing";
		};
/* End PBXNativeTarget section */

/* Begin PBXProject section */
		3C7A9B9F1C659D9000987482 /* Project object */ = {
			isa = PBXProject;
			attributes = {
				LastUpgradeCheck = 0720;
				ORGANIZATIONNAME = "Pankaj Vohra";
				TargetAttributes = {
					3C7A9BA61C659D9000987482 = {
						CreatedOnToolsVersion = 7.2;
					};
					3C7A9BBF1C659D9000987482 = {
						CreatedOnToolsVersion = 7.2;
						TestTargetID = 3C7A9BA61C659D9000987482;
					};
					3C7A9BCA1C659D9000987482 = {
						CreatedOnToolsVersion = 7.2;
						TestTargetID = 3C7A9BA61C659D9000987482;
					};
				};
			};
			buildConfigurationList = 3C7A9BA21C659D9000987482 /* Build configuration list for PBXProject "Blocstagram" */;
			compatibilityVersion = "Xcode 3.2";
			developmentRegion = English;
			hasScannedForEncodings = 0;
			knownRegions = (
				en,
				Base,
			);
			mainGroup = 3C7A9B9E1C659D9000987482;
			productRefGroup = 3C7A9BA81C659D9000987482 /* Products */;
			projectDirPath = "";
			projectRoot = "";
			targets = (
				3C7A9BA61C659D9000987482 /* Blocstagram */,
				3C7A9BBF1C659D9000987482 /* BlocstagramTests */,
				3C7A9BCA1C659D9000987482 /* BlocstagramUITests */,
			);
		};
/* End PBXProject section */

/* Begin PBXResourcesBuildPhase section */
		3C7A9BA51C659D9000987482 /* Resources */ = {
			isa = PBXResourcesBuildPhase;
			buildActionMask = 2147483647;
			files = (
				3C14CAE81CA4C19E006E9BF5 /* rotate.png in Resources */,
				3C14CAE21CA4C19E006E9BF5 /* camera.png in Resources */,
				3CD838FB1C979D41003A553D /* heart-full.png in Resources */,
				3C7A9BF01C659F6200987482 /* 9.jpg in Resources */,
				3C7A9BEF1C659F6200987482 /* 8.jpg in Resources */,
				3CD838F81C979D41003A553D /* heart-empty.png in Resources */,
				3CD838F91C979D41003A553D /* heart-empty@2x.png in Resources */,
				3C7A9BEB1C659F6200987482 /* 4.jpg in Resources */,
				3C14CAED1CA4C19E006E9BF5 /* x@3x.png in Resources */,
				3C7A9BEA1C659F6200987482 /* 3.jpg in Resources */,
				3CD838FD1C979D41003A553D /* heart-full@3x.png in Resources */,
				3C7A9BED1C659F6200987482 /* 6.jpg in Resources */,
				3CD838F71C979D41003A553D /* angle-mask@3x.png in Resources */,
				3C14CAE31CA4C19E006E9BF5 /* camera@2x.png in Resources */,
				3C14CAE91CA4C19E006E9BF5 /* rotate@2x.png in Resources */,
				3C7A9BE81C659F6200987482 /* 1.jpg in Resources */,
				3CD838F61C979D41003A553D /* angle-mask@2x.png in Resources */,
				3CD838F51C979D41003A553D /* angle-mask.png in Resources */,
				3C7A9BBA1C659D9000987482 /* LaunchScreen.storyboard in Resources */,
				3C14CAEB1CA4C19E006E9BF5 /* x.png in Resources */,
				3C14CAE51CA4C19E006E9BF5 /* road.png in Resources */,
				3C7A9BEC1C659F6200987482 /* 5.jpg in Resources */,
				3CD838FC1C979D41003A553D /* heart-full@2x.png in Resources */,
				3C7A9BEE1C659F6200987482 /* 7.jpg in Resources */,
				3C14CAEA1CA4C19E006E9BF5 /* rotate@3x.png in Resources */,
				3CD838FA1C979D41003A553D /* heart-empty@3x.png in Resources */,
				3C14CAE41CA4C19E006E9BF5 /* camera@3x.png in Resources */,
				3C14CAE71CA4C19E006E9BF5 /* road@3x.png in Resources */,
				3C14CAE61CA4C19E006E9BF5 /* road@2x.png in Resources */,
				3C7A9BE91C659F6200987482 /* 2.jpg in Resources */,
				3C14CAEC1CA4C19E006E9BF5 /* x@2x.png in Resources */,
				3C7A9BF11C659F6200987482 /* 10.jpg in Resources */,
				3C7A9BB71C659D9000987482 /* Assets.xcassets in Resources */,
			);
			runOnlyForDeploymentPostprocessing = 0;
		};
		3C7A9BBE1C659D9000987482 /* Resources */ = {
			isa = PBXResourcesBuildPhase;
			buildActionMask = 2147483647;
			files = (
			);
			runOnlyForDeploymentPostprocessing = 0;
		};
		3C7A9BC91C659D9000987482 /* Resources */ = {
			isa = PBXResourcesBuildPhase;
			buildActionMask = 2147483647;
			files = (
			);
			runOnlyForDeploymentPostprocessing = 0;
		};
/* End PBXResourcesBuildPhase section */

/* Begin PBXShellScriptBuildPhase section */
		06EBB9C17D5B685A1D2B5A06 /* Embed Pods Frameworks */ = {
			isa = PBXShellScriptBuildPhase;
			buildActionMask = 2147483647;
			files = (
			);
			inputPaths = (
			);
			name = "Embed Pods Frameworks";
			outputPaths = (
			);
			runOnlyForDeploymentPostprocessing = 0;
			shellPath = /bin/sh;
			shellScript = "\"${SRCROOT}/Pods/Target Support Files/Pods/Pods-frameworks.sh\"\n";
			showEnvVarsInLog = 0;
		};
		A6D39E9CE3A549B4C119018D /* Check Pods Manifest.lock */ = {
			isa = PBXShellScriptBuildPhase;
			buildActionMask = 2147483647;
			files = (
			);
			inputPaths = (
			);
			name = "Check Pods Manifest.lock";
			outputPaths = (
			);
			runOnlyForDeploymentPostprocessing = 0;
			shellPath = /bin/sh;
			shellScript = "diff \"${PODS_ROOT}/../Podfile.lock\" \"${PODS_ROOT}/Manifest.lock\" > /dev/null\nif [[ $? != 0 ]] ; then\n    cat << EOM\nerror: The sandbox is not in sync with the Podfile.lock. Run 'pod install' or update your CocoaPods installation.\nEOM\n    exit 1\nfi\n";
			showEnvVarsInLog = 0;
		};
		E56709CEA9EFC996E2DB013F /* Copy Pods Resources */ = {
			isa = PBXShellScriptBuildPhase;
			buildActionMask = 2147483647;
			files = (
			);
			inputPaths = (
			);
			name = "Copy Pods Resources";
			outputPaths = (
			);
			runOnlyForDeploymentPostprocessing = 0;
			shellPath = /bin/sh;
			shellScript = "\"${SRCROOT}/Pods/Target Support Files/Pods/Pods-resources.sh\"\n";
			showEnvVarsInLog = 0;
		};
/* End PBXShellScriptBuildPhase section */

/* Begin PBXSourcesBuildPhase section */
		3C7A9BA31C659D9000987482 /* Sources */ = {
			isa = PBXSourcesBuildPhase;
			buildActionMask = 2147483647;
			files = (
				3C14CAF01CA4C2E6006E9BF5 /* CameraViewController.m in Sources */,
				3C9DFDAA1C924BFD00754224 /* MediaFullScreenViewController.m in Sources */,
				3CD839001C98E2E4003A553D /* CircleSpinnerView.m in Sources */,
				3C62333E1C67E2CD00E47C00 /* User.m in Sources */,
				3C14CAFC1CA4CF7B006E9BF5 /* ImageLibraryViewController.m in Sources */,
				3C14CAF61CA4CACF006E9BF5 /* CropBox.m in Sources */,
				3C6233441C67E35F00E47C00 /* Comment.m in Sources */,
				3C14CAF91CA4CD9D006E9BF5 /* CropImageViewController.m in Sources */,
				3C6233521C6AD4BD00E47C00 /* MediaTableViewCell.m in Sources */,
				3C6233411C67E30B00E47C00 /* Media.m in Sources */,
				3C14CAD51CA4C171006E9BF5 /* CameraToolbar.m in Sources */,
				3C7A9BAF1C659D9000987482 /* AppDelegate.m in Sources */,
				3C1805EE1C8B746D004B035D /* LoginViewController.m in Sources */,
				3CD839031C98E3D1003A553D /* LikeButton.m in Sources */,
				3C6233471C67E3BC00E47C00 /* DataSource.m in Sources */,
				3CED56111C9F8A620018A9F5 /* ComposeCommentView.m in Sources */,
				3C6233491C682E7600E47C00 /* main.m in Sources */,
				3C14CAF31CA4C8B5006E9BF5 /* UIImage+ImageUtilities.m in Sources */,
				3C7A9BF41C65A02A00987482 /* ImagesTableViewController.m in Sources */,
			);
			runOnlyForDeploymentPostprocessing = 0;
		};
		3C7A9BBC1C659D9000987482 /* Sources */ = {
			isa = PBXSourcesBuildPhase;
			buildActionMask = 2147483647;
			files = (
				3C1805EB1C87AC96004B035D /* MediaTableViewCell.m in Sources */,
				3C7A9BC51C659D9000987482 /* BlocstagramTests.m in Sources */,
			);
			runOnlyForDeploymentPostprocessing = 0;
		};
		3C7A9BC71C659D9000987482 /* Sources */ = {
			isa = PBXSourcesBuildPhase;
			buildActionMask = 2147483647;
			files = (
				3C7A9BD01C659D9000987482 /* BlocstagramUITests.m in Sources */,
			);
			runOnlyForDeploymentPostprocessing = 0;
		};
/* End PBXSourcesBuildPhase section */

/* Begin PBXTargetDependency section */
		3C7A9BC21C659D9000987482 /* PBXTargetDependency */ = {
			isa = PBXTargetDependency;
			target = 3C7A9BA61C659D9000987482 /* Blocstagram */;
			targetProxy = 3C7A9BC11C659D9000987482 /* PBXContainerItemProxy */;
		};
		3C7A9BCD1C659D9000987482 /* PBXTargetDependency */ = {
			isa = PBXTargetDependency;
			target = 3C7A9BA61C659D9000987482 /* Blocstagram */;
			targetProxy = 3C7A9BCC1C659D9000987482 /* PBXContainerItemProxy */;
		};
/* End PBXTargetDependency section */

/* Begin PBXVariantGroup section */
		3C7A9BB81C659D9000987482 /* LaunchScreen.storyboard */ = {
			isa = PBXVariantGroup;
			children = (
				3C7A9BB91C659D9000987482 /* Base */,
			);
			name = LaunchScreen.storyboard;
			sourceTree = "<group>";
		};
/* End PBXVariantGroup section */

/* Begin XCBuildConfiguration section */
		3C7A9BD21C659D9000987482 /* Debug */ = {
			isa = XCBuildConfiguration;
			buildSettings = {
				ALWAYS_SEARCH_USER_PATHS = NO;
				CLANG_CXX_LANGUAGE_STANDARD = "gnu++0x";
				CLANG_CXX_LIBRARY = "libc++";
				CLANG_ENABLE_MODULES = YES;
				CLANG_ENABLE_OBJC_ARC = YES;
				CLANG_WARN_BOOL_CONVERSION = YES;
				CLANG_WARN_CONSTANT_CONVERSION = YES;
				CLANG_WARN_DIRECT_OBJC_ISA_USAGE = YES_ERROR;
				CLANG_WARN_EMPTY_BODY = YES;
				CLANG_WARN_ENUM_CONVERSION = YES;
				CLANG_WARN_INT_CONVERSION = YES;
				CLANG_WARN_OBJC_ROOT_CLASS = YES_ERROR;
				CLANG_WARN_UNREACHABLE_CODE = YES;
				CLANG_WARN__DUPLICATE_METHOD_MATCH = YES;
				"CODE_SIGN_IDENTITY[sdk=iphoneos*]" = "iPhone Developer";
				COPY_PHASE_STRIP = NO;
				DEBUG_INFORMATION_FORMAT = dwarf;
				ENABLE_STRICT_OBJC_MSGSEND = YES;
				ENABLE_TESTABILITY = YES;
				GCC_C_LANGUAGE_STANDARD = gnu99;
				GCC_DYNAMIC_NO_PIC = NO;
				GCC_NO_COMMON_BLOCKS = YES;
				GCC_OPTIMIZATION_LEVEL = 0;
				GCC_PREPROCESSOR_DEFINITIONS = (
					"DEBUG=1",
					"$(inherited)",
				);
				GCC_WARN_64_TO_32_BIT_CONVERSION = YES;
				GCC_WARN_ABOUT_RETURN_TYPE = YES_ERROR;
				GCC_WARN_UNDECLARED_SELECTOR = YES;
				GCC_WARN_UNINITIALIZED_AUTOS = YES_AGGRESSIVE;
				GCC_WARN_UNUSED_FUNCTION = YES;
				GCC_WARN_UNUSED_VARIABLE = YES;
				IPHONEOS_DEPLOYMENT_TARGET = 9.2;
				MTL_ENABLE_DEBUG_INFO = YES;
				ONLY_ACTIVE_ARCH = YES;
				SDKROOT = iphoneos;
				TARGETED_DEVICE_FAMILY = "1,2";
			};
			name = Debug;
		};
		3C7A9BD31C659D9000987482 /* Release */ = {
			isa = XCBuildConfiguration;
			buildSettings = {
				ALWAYS_SEARCH_USER_PATHS = NO;
				CLANG_CXX_LANGUAGE_STANDARD = "gnu++0x";
				CLANG_CXX_LIBRARY = "libc++";
				CLANG_ENABLE_MODULES = YES;
				CLANG_ENABLE_OBJC_ARC = YES;
				CLANG_WARN_BOOL_CONVERSION = YES;
				CLANG_WARN_CONSTANT_CONVERSION = YES;
				CLANG_WARN_DIRECT_OBJC_ISA_USAGE = YES_ERROR;
				CLANG_WARN_EMPTY_BODY = YES;
				CLANG_WARN_ENUM_CONVERSION = YES;
				CLANG_WARN_INT_CONVERSION = YES;
				CLANG_WARN_OBJC_ROOT_CLASS = YES_ERROR;
				CLANG_WARN_UNREACHABLE_CODE = YES;
				CLANG_WARN__DUPLICATE_METHOD_MATCH = YES;
				"CODE_SIGN_IDENTITY[sdk=iphoneos*]" = "iPhone Developer";
				COPY_PHASE_STRIP = NO;
				DEBUG_INFORMATION_FORMAT = "dwarf-with-dsym";
				ENABLE_NS_ASSERTIONS = NO;
				ENABLE_STRICT_OBJC_MSGSEND = YES;
				GCC_C_LANGUAGE_STANDARD = gnu99;
				GCC_NO_COMMON_BLOCKS = YES;
				GCC_WARN_64_TO_32_BIT_CONVERSION = YES;
				GCC_WARN_ABOUT_RETURN_TYPE = YES_ERROR;
				GCC_WARN_UNDECLARED_SELECTOR = YES;
				GCC_WARN_UNINITIALIZED_AUTOS = YES_AGGRESSIVE;
				GCC_WARN_UNUSED_FUNCTION = YES;
				GCC_WARN_UNUSED_VARIABLE = YES;
				IPHONEOS_DEPLOYMENT_TARGET = 9.2;
				MTL_ENABLE_DEBUG_INFO = NO;
				SDKROOT = iphoneos;
				TARGETED_DEVICE_FAMILY = "1,2";
				VALIDATE_PRODUCT = YES;
			};
			name = Release;
		};
		3C7A9BD51C659D9000987482 /* Debug */ = {
			isa = XCBuildConfiguration;
			baseConfigurationReference = F771B4395327A173188B4238 /* Pods.debug.xcconfig */;
			buildSettings = {
				ASSETCATALOG_COMPILER_APPICON_NAME = AppIcon;
				INFOPLIST_FILE = Blocstagram/Info.plist;
				LD_RUNPATH_SEARCH_PATHS = "$(inherited) @executable_path/Frameworks";
				PRODUCT_BUNDLE_IDENTIFIER = "IOS-Class.Blocstagram";
				PRODUCT_NAME = "$(TARGET_NAME)";
			};
			name = Debug;
		};
		3C7A9BD61C659D9000987482 /* Release */ = {
			isa = XCBuildConfiguration;
			baseConfigurationReference = 47D3F28B717867294D96A6B5 /* Pods.release.xcconfig */;
			buildSettings = {
				ASSETCATALOG_COMPILER_APPICON_NAME = AppIcon;
				INFOPLIST_FILE = Blocstagram/Info.plist;
				LD_RUNPATH_SEARCH_PATHS = "$(inherited) @executable_path/Frameworks";
				PRODUCT_BUNDLE_IDENTIFIER = "IOS-Class.Blocstagram";
				PRODUCT_NAME = "$(TARGET_NAME)";
			};
			name = Release;
		};
		3C7A9BD81C659D9000987482 /* Debug */ = {
			isa = XCBuildConfiguration;
			buildSettings = {
				BUNDLE_LOADER = "$(TEST_HOST)";
				INFOPLIST_FILE = BlocstagramTests/Info.plist;
				LD_RUNPATH_SEARCH_PATHS = "$(inherited) @executable_path/Frameworks @loader_path/Frameworks";
				PRODUCT_BUNDLE_IDENTIFIER = "IOS-Class.BlocstagramTests";
				PRODUCT_NAME = "$(TARGET_NAME)";
				TEST_HOST = "$(BUILT_PRODUCTS_DIR)/Blocstagram.app/Blocstagram";
			};
			name = Debug;
		};
		3C7A9BD91C659D9000987482 /* Release */ = {
			isa = XCBuildConfiguration;
			buildSettings = {
				BUNDLE_LOADER = "$(TEST_HOST)";
				INFOPLIST_FILE = BlocstagramTests/Info.plist;
				LD_RUNPATH_SEARCH_PATHS = "$(inherited) @executable_path/Frameworks @loader_path/Frameworks";
				PRODUCT_BUNDLE_IDENTIFIER = "IOS-Class.BlocstagramTests";
				PRODUCT_NAME = "$(TARGET_NAME)";
				TEST_HOST = "$(BUILT_PRODUCTS_DIR)/Blocstagram.app/Blocstagram";
			};
			name = Release;
		};
		3C7A9BDB1C659D9000987482 /* Debug */ = {
			isa = XCBuildConfiguration;
			buildSettings = {
				INFOPLIST_FILE = BlocstagramUITests/Info.plist;
				LD_RUNPATH_SEARCH_PATHS = "$(inherited) @executable_path/Frameworks @loader_path/Frameworks";
				PRODUCT_BUNDLE_IDENTIFIER = "IOS-Class.BlocstagramUITests";
				PRODUCT_NAME = "$(TARGET_NAME)";
				TEST_TARGET_NAME = Blocstagram;
				USES_XCTRUNNER = YES;
			};
			name = Debug;
		};
		3C7A9BDC1C659D9000987482 /* Release */ = {
			isa = XCBuildConfiguration;
			buildSettings = {
				INFOPLIST_FILE = BlocstagramUITests/Info.plist;
				LD_RUNPATH_SEARCH_PATHS = "$(inherited) @executable_path/Frameworks @loader_path/Frameworks";
				PRODUCT_BUNDLE_IDENTIFIER = "IOS-Class.BlocstagramUITests";
				PRODUCT_NAME = "$(TARGET_NAME)";
				TEST_TARGET_NAME = Blocstagram;
				USES_XCTRUNNER = YES;
			};
			name = Release;
		};
/* End XCBuildConfiguration section */

/* Begin XCConfigurationList section */
		3C7A9BA21C659D9000987482 /* Build configuration list for PBXProject "Blocstagram" */ = {
			isa = XCConfigurationList;
			buildConfigurations = (
				3C7A9BD21C659D9000987482 /* Debug */,
				3C7A9BD31C659D9000987482 /* Release */,
			);
			defaultConfigurationIsVisible = 0;
			defaultConfigurationName = Release;
		};
		3C7A9BD41C659D9000987482 /* Build configuration list for PBXNativeTarget "Blocstagram" */ = {
			isa = XCConfigurationList;
			buildConfigurations = (
				3C7A9BD51C659D9000987482 /* Debug */,
				3C7A9BD61C659D9000987482 /* Release */,
			);
			defaultConfigurationIsVisible = 0;
			defaultConfigurationName = Release;
		};
		3C7A9BD71C659D9000987482 /* Build configuration list for PBXNativeTarget "BlocstagramTests" */ = {
			isa = XCConfigurationList;
			buildConfigurations = (
				3C7A9BD81C659D9000987482 /* Debug */,
				3C7A9BD91C659D9000987482 /* Release */,
			);
			defaultConfigurationIsVisible = 0;
			defaultConfigurationName = Release;
		};
		3C7A9BDA1C659D9000987482 /* Build configuration list for PBXNativeTarget "BlocstagramUITests" */ = {
			isa = XCConfigurationList;
			buildConfigurations = (
				3C7A9BDB1C659D9000987482 /* Debug */,
				3C7A9BDC1C659D9000987482 /* Release */,
			);
			defaultConfigurationIsVisible = 0;
			defaultConfigurationName = Release;
		};
/* End XCConfigurationList section */
	};
	rootObject = 3C7A9B9F1C659D9000987482 /* Project object */;
}
